
Microsoft Visual Studio Solution File, Format Version 12.00
# Visual Studio Version 17
VisualStudioVersion = 17.9.34616.47
MinimumVisualStudioVersion = 10.0.40219.1
Project("{9A19103F-16F7-4668-BE54-9A1E7A4F7556}") = "PresentationLayer", "PresentationLayer\PresentationLayer.csproj", "{BB905CBB-4B29-4C62-B48A-9048CD6FB509}"
EndProject
Project("{9A19103F-16F7-4668-BE54-9A1E7A4F7556}") = "BuisnessLayer", "BuisnessLayer\BuisnessLayer.csproj", "{F3CEA2BF-2576-4D7E-BB10-AF6F98017CBB}"
EndProject
Project("{9A19103F-16F7-4668-BE54-9A1E7A4F7556}") = "DataLayer", "DataLayer\DataLayer.csproj", "{3088B291-E293-439F-95F9-5CABA226ABA5}"
EndProject
Project("{E53339B2-1760-4266-BCC7-CA923CBCF16C}") = "docker-compose", "docker-compose.dcproj", "{7C78B3FF-515D-4F17-A1EE-EF3D7D0531CB}"
EndProject
Global
	GlobalSection(SolutionConfigurationPlatforms) = preSolution
		Debug|Any CPU = Debug|Any CPU
		Release|Any CPU = Release|Any CPU
	EndGlobalSection
	GlobalSection(ProjectConfigurationPlatforms) = postSolution
		{BB905CBB-4B29-4C62-B48A-9048CD6FB509}.Debug|Any CPU.ActiveCfg = Debug|Any CPU
		{BB905CBB-4B29-4C62-B48A-9048CD6FB509}.Debug|Any CPU.Build.0 = Debug|Any CPU
		{BB905CBB-4B29-4C62-B48A-9048CD6FB509}.Release|Any CPU.ActiveCfg = Release|Any CPU
		{BB905CBB-4B29-4C62-B48A-9048CD6FB509}.Release|Any CPU.Build.0 = Release|Any CPU
		{F3CEA2BF-2576-4D7E-BB10-AF6F98017CBB}.Debug|Any CPU.ActiveCfg = Debug|Any CPU
		{F3CEA2BF-2576-4D7E-BB10-AF6F98017CBB}.Debug|Any CPU.Build.0 = Debug|Any CPU
		{F3CEA2BF-2576-4D7E-BB10-AF6F98017CBB}.Release|Any CPU.ActiveCfg = Release|Any CPU
		{F3CEA2BF-2576-4D7E-BB10-AF6F98017CBB}.Release|Any CPU.Build.0 = Release|Any CPU
		{3088B291-E293-439F-95F9-5CABA226ABA5}.Debug|Any CPU.ActiveCfg = Debug|Any CPU
		{3088B291-E293-439F-95F9-5CABA226ABA5}.Debug|Any CPU.Build.0 = Debug|Any CPU
		{3088B291-E293-439F-95F9-5CABA226ABA5}.Release|Any CPU.ActiveCfg = Release|Any CPU
		{3088B291-E293-439F-95F9-5CABA226ABA5}.Release|Any CPU.Build.0 = Release|Any CPU
		{7C78B3FF-515D-4F17-A1EE-EF3D7D0531CB}.Debug|Any CPU.ActiveCfg = Debug|Any CPU
		{7C78B3FF-515D-4F17-A1EE-EF3D7D0531CB}.Debug|Any CPU.Build.0 = Debug|Any CPU
		{7C78B3FF-515D-4F17-A1EE-EF3D7D0531CB}.Release|Any CPU.ActiveCfg = Release|Any CPU
		{7C78B3FF-515D-4F17-A1EE-EF3D7D0531CB}.Release|Any CPU.Build.0 = Release|Any CPU
	EndGlobalSection
	GlobalSection(SolutionProperties) = preSolution
		HideSolutionNode = FALSE
	EndGlobalSection
	GlobalSection(ExtensibilityGlobals) = postSolution
		SolutionGuid = {F2ED9327-5801-4A9A-8F32-CBE37DC617D3}
	EndGlobalSection
EndGlobal
